{
  "name": "@ucd-lib/fin-styles",
  "version": "0.0.1",
  "lockfileVersion": 1,
  "requires": true,
  "dependencies": {
    "@polymer/font-roboto": {
      "version": "3.0.0-pre.1",
      "resolved": "https://registry.npmjs.org/@polymer/font-roboto/-/font-roboto-3.0.0-pre.1.tgz",
      "integrity": "sha512-jm9Vh6EgTfUX/Hv7YtHMNgQHXUIberpiiJX7h4SFbrpYCt45PSBJ5KtFz7s4T01dRYCf8wh4coRkWJGHvTH57g=="
    },
    "@polymer/iron-flex-layout": {
      "version": "3.0.0-pre.1",
      "resolved": "https://registry.npmjs.org/@polymer/iron-flex-layout/-/iron-flex-layout-3.0.0-pre.1.tgz",
      "integrity": "sha512-EXkfULT1I2nNOA1fT8JXG+wFnl9OMcX0dqPawbQcE3B8FlsSc/2c9bdKppK6AZEi5wD20zZhBc5BtjzM1LXXrw==",
      "requires": {
        "@polymer/polymer": "3.0.0-pre.1"
      }
    },
    "@polymer/paper-styles": {
      "version": "3.0.0-pre.1",
      "resolved": "https://registry.npmjs.org/@polymer/paper-styles/-/paper-styles-3.0.0-pre.1.tgz",
      "integrity": "sha512-L/8B34oiDKNMz6vI/T8ZykMJAhJ6OghCOdS4avpeWKDmS1uuZwdEvVMZt7+8aSccpbfBYi8haYPrnhBNvf76cw==",
      "requires": {
        "@polymer/font-roboto": "3.0.0-pre.1",
        "@polymer/iron-flex-layout": "3.0.0-pre.1",
        "@polymer/polymer": "3.0.0-pre.1"
      }
    },
    "@polymer/polymer": {
      "version": "3.0.0-pre.1",
      "resolved": "https://registry.npmjs.org/@polymer/polymer/-/polymer-3.0.0-pre.1.tgz",
      "integrity": "sha512-yfVY9yl3hmnbU+RtcOobmmiPCkqIqpjMdo3+KoJ6gpFTUFFClKBqSAe7qussIGoyEUNdacXHF6OUj0Y2bTIDew==",
      "requires": {
        "@webcomponents/shadycss": "1.0.6",
        "@webcomponents/webcomponentsjs": "1.0.18"
      }
    },
    "@webcomponents/shadycss": {
      "version": "1.0.6",
      "resolved": "https://registry.npmjs.org/@webcomponents/shadycss/-/shadycss-1.0.6.tgz",
      "integrity": "sha512-4yGifxIQkDzf3SRQIRE4e4cI09yawgZ6GHsnrkSLdohesKo4oMgxc5sF0wv2DQN7o7mCAjBYnunQXcHmC62qhw=="
    },
    "@webcomponents/webcomponentsjs": {
      "version": "1.0.18",
      "resolved": "https://registry.npmjs.org/@webcomponents/webcomponentsjs/-/webcomponentsjs-1.0.18.tgz",
      "integrity": "sha512-F/Gn3zcJMc0FaxedKPyOKoiIQxg5p9HyDwRC1VRBvAc7+FA6oBDf39GqWsZ9nKtarsx1RslwkrHDIHLYETdIAA=="
    }
  }
}
